
Microsoft Visual Studio Solution File, Format Version 12.00
# Visual Studio 2013
VisualStudioVersion = 12.0.31101.0
MinimumVisualStudioVersion = 10.0.40219.1
Project("{FAE04EC0-301F-11D3-BF4B-00C04F79EFBC}") = "Evolent.Sample.Core", "Evolent.Sample.Core\Evolent.Sample.Core.csproj", "{8EA6A068-9B60-4019-909D-C7F11B0F43AF}"
EndProject
Project("{FAE04EC0-301F-11D3-BF4B-00C04F79EFBC}") = "Evolent.Sample.Data", "Evolent.Sample.Data\Evolent.Sample.Data.csproj", "{9FF6A486-A217-41D3-9DF8-1553330BE84B}"
	ProjectSection(ProjectDependencies) = postProject
		{8EA6A068-9B60-4019-909D-C7F11B0F43AF} = {8EA6A068-9B60-4019-909D-C7F11B0F43AF}
	EndProjectSection
EndProject
Project("{FAE04EC0-301F-11D3-BF4B-00C04F79EFBC}") = "Evolent.Sample.UI", "Evolent.Sample.UI\Evolent.Sample.UI.csproj", "{62D6C3F0-A441-4935-B73F-D666D04530ED}"
EndProject
Project("{FAE04EC0-301F-11D3-BF4B-00C04F79EFBC}") = "Evolent.Sample.UnitTest", "Evolent.Sample.UnitTest\Evolent.Sample.UnitTest.csproj", "{5B9CBB54-4D63-415F-91D1-C85B7659F6DD}"
EndProject
Project("{2150E333-8FDC-42A3-9474-1A3956D46DE8}") = "Solution Items", "Solution Items", "{8ADA268C-12AC-4119-9A9C-3BF79A411348}"
	ProjectSection(SolutionItems) = preProject
		DatabaseScripts\Contacts.sql = DatabaseScripts\Contacts.sql
	EndProjectSection
EndProject
Global
	GlobalSection(SolutionConfigurationPlatforms) = preSolution
		Debug|Any CPU = Debug|Any CPU
		Release|Any CPU = Release|Any CPU
	EndGlobalSection
	GlobalSection(ProjectConfigurationPlatforms) = postSolution
		{8EA6A068-9B60-4019-909D-C7F11B0F43AF}.Debug|Any CPU.ActiveCfg = Debug|Any CPU
		{8EA6A068-9B60-4019-909D-C7F11B0F43AF}.Debug|Any CPU.Build.0 = Debug|Any CPU
		{8EA6A068-9B60-4019-909D-C7F11B0F43AF}.Release|Any CPU.ActiveCfg = Release|Any CPU
		{8EA6A068-9B60-4019-909D-C7F11B0F43AF}.Release|Any CPU.Build.0 = Release|Any CPU
		{9FF6A486-A217-41D3-9DF8-1553330BE84B}.Debug|Any CPU.ActiveCfg = Debug|Any CPU
		{9FF6A486-A217-41D3-9DF8-1553330BE84B}.Debug|Any CPU.Build.0 = Debug|Any CPU
		{9FF6A486-A217-41D3-9DF8-1553330BE84B}.Release|Any CPU.ActiveCfg = Release|Any CPU
		{9FF6A486-A217-41D3-9DF8-1553330BE84B}.Release|Any CPU.Build.0 = Release|Any CPU
		{62D6C3F0-A441-4935-B73F-D666D04530ED}.Debug|Any CPU.ActiveCfg = Debug|Any CPU
		{62D6C3F0-A441-4935-B73F-D666D04530ED}.Debug|Any CPU.Build.0 = Debug|Any CPU
		{62D6C3F0-A441-4935-B73F-D666D04530ED}.Release|Any CPU.ActiveCfg = Release|Any CPU
		{62D6C3F0-A441-4935-B73F-D666D04530ED}.Release|Any CPU.Build.0 = Release|Any CPU
		{5B9CBB54-4D63-415F-91D1-C85B7659F6DD}.Debug|Any CPU.ActiveCfg = Debug|Any CPU
		{5B9CBB54-4D63-415F-91D1-C85B7659F6DD}.Debug|Any CPU.Build.0 = Debug|Any CPU
		{5B9CBB54-4D63-415F-91D1-C85B7659F6DD}.Release|Any CPU.ActiveCfg = Release|Any CPU
		{5B9CBB54-4D63-415F-91D1-C85B7659F6DD}.Release|Any CPU.Build.0 = Release|Any CPU
	EndGlobalSection
	GlobalSection(SolutionProperties) = preSolution
		HideSolutionNode = FALSE
	EndGlobalSection
EndGlobal
